// !$*UTF8*$!
{
	archiveVersion = 1;
	classes = {
	};
	objectVersion = 77;
	objects = {

/* Begin PBXBuildFile section */
		885CF42C2E6355FF0094B081 /* ScoreTracker Watch App.app in Embed Watch Content */ = {isa = PBXBuildFile; fileRef = 885CF42B2E6355FF0094B081 /* ScoreTracker Watch App.app */; settings = {ATTRIBUTES = (RemoveHeadersOnCopy, ); }; };
/* End PBXBuildFile section */

/* Begin PBXContainerItemProxy section */
		885CF42D2E6355FF0094B081 /* PBXContainerItemProxy */ = {
			isa = PBXContainerItemProxy;
			containerPortal = 885CF41F2E6355FF0094B081 /* Project object */;
			proxyType = 1;
			remoteGlobalIDString = 885CF42A2E6355FF0094B081;
			remoteInfo = "ScoreTracker Watch App";
		};
		885CF43B2E6356000094B081 /* PBXContainerItemProxy */ = {
			isa = PBXContainerItemProxy;
			containerPortal = 885CF41F2E6355FF0094B081 /* Project object */;
			proxyType = 1;
			remoteGlobalIDString = 885CF42A2E6355FF0094B081;
			remoteInfo = "ScoreTracker Watch App";
		};
		885CF4452E6356000094B081 /* PBXContainerItemProxy */ = {
			isa = PBXContainerItemProxy;
			containerPortal = 885CF41F2E6355FF0094B081 /* Project object */;
			proxyType = 1;
			remoteGlobalIDString = 885CF42A2E6355FF0094B081;
			remoteInfo = "ScoreTracker Watch App";
		};
/* End PBXContainerItemProxy section */

/* Begin PBXCopyFilesBuildPhase section */
		885CF4512E6356000094B081 /* Embed Watch Content */ = {
			isa = PBXCopyFilesBuildPhase;
			buildActionMask = 2147483647;
			dstPath = "$(CONTENTS_FOLDER_PATH)/Watch";
			dstSubfolderSpec = 16;
			files = (
				885CF42C2E6355FF0094B081 /* ScoreTracker Watch App.app in Embed Watch Content */,
			);
			name = "Embed Watch Content";
			runOnlyForDeploymentPostprocessing = 0;
		};
/* End PBXCopyFilesBuildPhase section */

/* Begin PBXFileReference section */
		885CF4252E6355FF0094B081 /* ScoreTracker.app */ = {isa = PBXFileReference; explicitFileType = wrapper.application; includeInIndex = 0; path = ScoreTracker.app; sourceTree = BUILT_PRODUCTS_DIR; };
		885CF42B2E6355FF0094B081 /* ScoreTracker Watch App.app */ = {isa = PBXFileReference; explicitFileType = wrapper.application; includeInIndex = 0; path = "ScoreTracker Watch App.app"; sourceTree = BUILT_PRODUCTS_DIR; };
		885CF43A2E6356000094B081 /* ScoreTracker Watch AppTests.xctest */ = {isa = PBXFileReference; explicitFileType = wrapper.cfbundle; includeInIndex = 0; path = "ScoreTracker Watch AppTests.xctest"; sourceTree = BUILT_PRODUCTS_DIR; };
		885CF4442E6356000094B081 /* ScoreTracker Watch AppUITests.xctest */ = {isa = PBXFileReference; explicitFileType = wrapper.cfbundle; includeInIndex = 0; path = "ScoreTracker Watch AppUITests.xctest"; sourceTree = BUILT_PRODUCTS_DIR; };
/* End PBXFileReference section */

/* Begin PBXFileSystemSynchronizedRootGroup section */
		885CF42F2E6355FF0094B081 /* ScoreTracker Watch App */ = {
			isa = PBXFileSystemSynchronizedRootGroup;
			path = "ScoreTracker Watch App";
			sourceTree = "<group>";
		};
		885CF43D2E6356000094B081 /* ScoreTracker Watch AppTests */ = {
			isa = PBXFileSystemSynchronizedRootGroup;
			path = "ScoreTracker Watch AppTests";
			sourceTree = "<group>";
		};
		885CF4472E6356000094B081 /* ScoreTracker Watch AppUITests */ = {
			isa = PBXFileSystemSynchronizedRootGroup;
			path = "ScoreTracker Watch AppUITests";
			sourceTree = "<group>";
		};
/* End PBXFileSystemSynchronizedRootGroup section */

/* Begin PBXFrameworksBuildPhase section */
		885CF4282E6355FF0094B081 /* Frameworks */ = {
			isa = PBXFrameworksBuildPhase;
			buildActionMask = 2147483647;
			files = (
			);
			runOnlyForDeploymentPostprocessing = 0;
		};
		885CF4372E6356000094B081 /* Frameworks */ = {
			isa = PBXFrameworksBuildPhase;
			buildActionMask = 2147483647;
			files = (
			);
			runOnlyForDeploymentPostprocessing = 0;
		};
		885CF4412E6356000094B081 /* Frameworks */ = {
			isa = PBXFrameworksBuildPhase;
			buildActionMask = 2147483647;
			files = (
			);
			runOnlyForDeploymentPostprocessing = 0;
		};
/* End PBXFrameworksBuildPhase section */

/* Begin PBXGroup section */
		885CF41E2E6355FF0094B081 = {
			isa = PBXGroup;
			children = (
				885CF42F2E6355FF0094B081 /* ScoreTracker Watch App */,
				885CF43D2E6356000094B081 /* ScoreTracker Watch AppTests */,
				885CF4472E6356000094B081 /* ScoreTracker Watch AppUITests */,
				885CF4262E6355FF0094B081 /* Products */,
			);
			sourceTree = "<group>";
		};
		885CF4262E6355FF0094B081 /* Products */ = {
			isa = PBXGroup;
			children = (
				885CF4252E6355FF0094B081 /* ScoreTracker.app */,
				885CF42B2E6355FF0094B081 /* ScoreTracker Watch App.app */,
				885CF43A2E6356000094B081 /* ScoreTracker Watch AppTests.xctest */,
				885CF4442E6356000094B081 /* ScoreTracker Watch AppUITests.xctest */,
			);
			name = Products;
			sourceTree = "<group>";
		};
/* End PBXGroup section */

/* Begin PBXNativeTarget section */
		885CF4242E6355FF0094B081 /* ScoreTracker */ = {
			isa = PBXNativeTarget;
			buildConfigurationList = 885CF4522E6356000094B081 /* Build configuration list for PBXNativeTarget "ScoreTracker" */;
			buildPhases = (
				885CF4232E6355FF0094B081 /* Resources */,
				885CF4512E6356000094B081 /* Embed Watch Content */,
			);
			buildRules = (
			);
			dependencies = (
				885CF42E2E6355FF0094B081 /* PBXTargetDependency */,
			);
			name = ScoreTracker;
			packageProductDependencies = (
			);
			productName = ScoreTracker;
			productReference = 885CF4252E6355FF0094B081 /* ScoreTracker.app */;
			productType = "com.apple.product-type.application.watchapp2-container";
		};
		885CF42A2E6355FF0094B081 /* ScoreTracker Watch App */ = {
			isa = PBXNativeTarget;
			buildConfigurationList = 885CF44E2E6356000094B081 /* Build configuration list for PBXNativeTarget "ScoreTracker Watch App" */;
			buildPhases = (
				885CF4272E6355FF0094B081 /* Sources */,
				885CF4282E6355FF0094B081 /* Frameworks */,
				885CF4292E6355FF0094B081 /* Resources */,
			);
			buildRules = (
			);
			dependencies = (
			);
			fileSystemSynchronizedGroups = (
				885CF42F2E6355FF0094B081 /* ScoreTracker Watch App */,
			);
			name = "ScoreTracker Watch App";
			packageProductDependencies = (
			);
			productName = "ScoreTracker Watch App";
			productReference = 885CF42B2E6355FF0094B081 /* ScoreTracker Watch App.app */;
			productType = "com.apple.product-type.application";
		};
		885CF4392E6356000094B081 /* ScoreTracker Watch AppTests */ = {
			isa = PBXNativeTarget;
			buildConfigurationList = 885CF4552E6356000094B081 /* Build configuration list for PBXNativeTarget "ScoreTracker Watch AppTests" */;
			buildPhases = (
				885CF4362E6356000094B081 /* Sources */,
				885CF4372E6356000094B081 /* Frameworks */,
				885CF4382E6356000094B081 /* Resources */,
			);
			buildRules = (
			);
			dependencies = (
				885CF43C2E6356000094B081 /* PBXTargetDependency */,
			);
			fileSystemSynchronizedGroups = (
				885CF43D2E6356000094B081 /* ScoreTracker Watch AppTests */,
			);
			name = "ScoreTracker Watch AppTests";
			packageProductDependencies = (
			);
			productName = "ScoreTracker Watch AppTests";
			productReference = 885CF43A2E6356000094B081 /* ScoreTracker Watch AppTests.xctest */;
			productType = "com.apple.product-type.bundle.unit-test";
		};
		885CF4432E6356000094B081 /* ScoreTracker Watch AppUITests */ = {
			isa = PBXNativeTarget;
			buildConfigurationList = 885CF4582E6356000094B081 /* Build configuration list for PBXNativeTarget "ScoreTracker Watch AppUITests" */;
			buildPhases = (
				885CF4402E6356000094B081 /* Sources */,
				885CF4412E6356000094B081 /* Frameworks */,
				885CF4422E6356000094B081 /* Resources */,
			);
			buildRules = (
			);
			dependencies = (
				885CF4462E6356000094B081 /* PBXTargetDependency */,
			);
			fileSystemSynchronizedGroups = (
				885CF4472E6356000094B081 /* ScoreTracker Watch AppUITests */,
			);
			name = "ScoreTracker Watch AppUITests";
			packageProductDependencies = (
			);
			productName = "ScoreTracker Watch AppUITests";
			productReference = 885CF4442E6356000094B081 /* ScoreTracker Watch AppUITests.xctest */;
			productType = "com.apple.product-type.bundle.ui-testing";
		};
/* End PBXNativeTarget section */

/* Begin PBXProject section */
		885CF41F2E6355FF0094B081 /* Project object */ = {
			isa = PBXProject;
			attributes = {
				BuildIndependentTargetsInParallel = 1;
				LastSwiftUpdateCheck = 1640;
				LastUpgradeCheck = 1640;
				TargetAttributes = {
					885CF4242E6355FF0094B081 = {
						CreatedOnToolsVersion = 16.4;
					};
					885CF42A2E6355FF0094B081 = {
						CreatedOnToolsVersion = 16.4;
					};
					885CF4392E6356000094B081 = {
						CreatedOnToolsVersion = 16.4;
						TestTargetID = 885CF42A2E6355FF0094B081;
					};
					885CF4432E6356000094B081 = {
						CreatedOnToolsVersion = 16.4;
						TestTargetID = 885CF42A2E6355FF0094B081;
					};
				};
			};
			buildConfigurationList = 885CF4222E6355FF0094B081 /* Build configuration list for PBXProject "ScoreTracker" */;
			developmentRegion = en;
			hasScannedForEncodings = 0;
			knownRegions = (
				en,
				Base,
			);
			mainGroup = 885CF41E2E6355FF0094B081;
			minimizedProjectReferenceProxies = 1;
			preferredProjectObjectVersion = 77;
			productRefGroup = 885CF4262E6355FF0094B081 /* Products */;
			projectDirPath = "";
			projectRoot = "";
			targets = (
				885CF4242E6355FF0094B081 /* ScoreTracker */,
				885CF42A2E6355FF0094B081 /* ScoreTracker Watch App */,
				885CF4392E6356000094B081 /* ScoreTracker Watch AppTests */,
				885CF4432E6356000094B081 /* ScoreTracker Watch AppUITests */,
			);
		};
/* End PBXProject section */

/* Begin PBXResourcesBuildPhase section */
		885CF4232E6355FF0094B081 /* Resources */ = {
			isa = PBXResourcesBuildPhase;
			buildActionMask = 2147483647;
			files = (
			);
			runOnlyForDeploymentPostprocessing = 0;
		};
		885CF4292E6355FF0094B081 /* Resources */ = {
			isa = PBXResourcesBuildPhase;
			buildActionMask = 2147483647;
			files = (
			);
			runOnlyForDeploymentPostprocessing = 0;
		};
		885CF4382E6356000094B081 /* Resources */ = {
			isa = PBXResourcesBuildPhase;
			buildActionMask = 2147483647;
			files = (
			);
			runOnlyForDeploymentPostprocessing = 0;
		};
		885CF4422E6356000094B081 /* Resources */ = {
			isa = PBXResourcesBuildPhase;
			buildActionMask = 2147483647;
			files = (
			);
			runOnlyForDeploymentPostprocessing = 0;
		};
/* End PBXResourcesBuildPhase section */

/* Begin PBXSourcesBuildPhase section */
		885CF4272E6355FF0094B081 /* Sources */ = {
			isa = PBXSourcesBuildPhase;
			buildActionMask = 2147483647;
			files = (
			);
			runOnlyForDeploymentPostprocessing = 0;
		};
		885CF4362E6356000094B081 /* Sources */ = {
			isa = PBXSourcesBuildPhase;
			buildActionMask = 2147483647;
			files = (
			);
			runOnlyForDeploymentPostprocessing = 0;
		};
		885CF4402E6356000094B081 /* Sources */ = {
			isa = PBXSourcesBuildPhase;
			buildActionMask = 2147483647;
			files = (
			);
			runOnlyForDeploymentPostprocessing = 0;
		};
/* End PBXSourcesBuildPhase section */

/* Begin PBXTargetDependency section */
		885CF42E2E6355FF0094B081 /* PBXTargetDependency */ = {
			isa = PBXTargetDependency;
			target = 885CF42A2E6355FF0094B081 /* ScoreTracker Watch App */;
			targetProxy = 885CF42D2E6355FF0094B081 /* PBXContainerItemProxy */;
		};
		885CF43C2E6356000094B081 /* PBXTargetDependency */ = {
			isa = PBXTargetDependency;
			target = 885CF42A2E6355FF0094B081 /* ScoreTracker Watch App */;
			targetProxy = 885CF43B2E6356000094B081 /* PBXContainerItemProxy */;
		};
		885CF4462E6356000094B081 /* PBXTargetDependency */ = {
			isa = PBXTargetDependency;
			target = 885CF42A2E6355FF0094B081 /* ScoreTracker Watch App */;
			targetProxy = 885CF4452E6356000094B081 /* PBXContainerItemProxy */;
		};
/* End PBXTargetDependency section */

/* Begin XCBuildConfiguration section */
		885CF44C2E6356000094B081 /* Debug */ = {
			isa = XCBuildConfiguration;
			buildSettings = {
				ALWAYS_SEARCH_USER_PATHS = NO;
				ASSETCATALOG_COMPILER_GENERATE_SWIFT_ASSET_SYMBOL_EXTENSIONS = YES;
				CLANG_ANALYZER_NONNULL = YES;
				CLANG_ANALYZER_NUMBER_OBJECT_CONVERSION = YES_AGGRESSIVE;
				CLANG_CXX_LANGUAGE_STANDARD = "gnu++20";
				CLANG_ENABLE_MODULES = YES;
				CLANG_ENABLE_OBJC_ARC = YES;
				CLANG_ENABLE_OBJC_WEAK = YES;
				CLANG_WARN_BLOCK_CAPTURE_AUTORELEASING = YES;
				CLANG_WARN_BOOL_CONVERSION = YES;
				CLANG_WARN_COMMA = YES;
				CLANG_WARN_CONSTANT_CONVERSION = YES;
				CLANG_WARN_DEPRECATED_OBJC_IMPLEMENTATIONS = YES;
				CLANG_WARN_DIRECT_OBJC_ISA_USAGE = YES_ERROR;
				CLANG_WARN_DOCUMENTATION_COMMENTS = YES;
				CLANG_WARN_EMPTY_BODY = YES;
				CLANG_WARN_ENUM_CONVERSION = YES;
				CLANG_WARN_INFINITE_RECURSION = YES;
				CLANG_WARN_INT_CONVERSION = YES;
				CLANG_WARN_NON_LITERAL_NULL_CONVERSION = YES;
				CLANG_WARN_OBJC_IMPLICIT_RETAIN_SELF = YES;
				CLANG_WARN_OBJC_LITERAL_CONVERSION = YES;
				CLANG_WARN_OBJC_ROOT_CLASS = YES_ERROR;
				CLANG_WARN_QUOTED_INCLUDE_IN_FRAMEWORK_HEADER = YES;
				CLANG_WARN_RANGE_LOOP_ANALYSIS = YES;
				CLANG_WARN_STRICT_PROTOTYPES = YES;
				CLANG_WARN_SUSPICIOUS_MOVE = YES;
				CLANG_WARN_UNGUARDED_AVAILABILITY = YES_AGGRESSIVE;
				CLANG_WARN_UNREACHABLE_CODE = YES;
				CLANG_WARN__DUPLICATE_METHOD_MATCH = YES;
				COPY_PHASE_STRIP = NO;
				DEBUG_INFORMATION_FORMAT = dwarf;
				ENABLE_STRICT_OBJC_MSGSEND = YES;
				ENABLE_TESTABILITY = YES;
				ENABLE_USER_SCRIPT_SANDBOXING = YES;
				GCC_C_LANGUAGE_STANDARD = gnu17;
				GCC_DYNAMIC_NO_PIC = NO;
				GCC_NO_COMMON_BLOCKS = YES;
				GCC_OPTIMIZATION_LEVEL = 0;
				GCC_PREPROCESSOR_DEFINITIONS = (
					"DEBUG=1",
					"$(inherited)",
				);
				GCC_WARN_64_TO_32_BIT_CONVERSION = YES;
				GCC_WARN_ABOUT_RETURN_TYPE = YES_ERROR;
				GCC_WARN_UNDECLARED_SELECTOR = YES;
				GCC_WARN_UNINITIALIZED_AUTOS = YES_AGGRESSIVE;
				GCC_WARN_UNUSED_FUNCTION = YES;
				GCC_WARN_UNUSED_VARIABLE = YES;
				LOCALIZATION_PREFERS_STRING_CATALOGS = YES;
				MTL_ENABLE_DEBUG_INFO = INCLUDE_SOURCE;
				MTL_FAST_MATH = YES;
				ONLY_ACTIVE_ARCH = YES;
				SWIFT_ACTIVE_COMPILATION_CONDITIONS = "DEBUG $(inherited)";
				SWIFT_OPTIMIZATION_LEVEL = "-Onone";
			};
			name = Debug;
		};
		885CF44D2E6356000094B081 /* Release */ = {
			isa = XCBuildConfiguration;
			buildSettings = {
				ALWAYS_SEARCH_USER_PATHS = NO;
				ASSETCATALOG_COMPILER_GENERATE_SWIFT_ASSET_SYMBOL_EXTENSIONS = YES;
				CLANG_ANALYZER_NONNULL = YES;
				CLANG_ANALYZER_NUMBER_OBJECT_CONVERSION = YES_AGGRESSIVE;
				CLANG_CXX_LANGUAGE_STANDARD = "gnu++20";
				CLANG_ENABLE_MODULES = YES;
				CLANG_ENABLE_OBJC_ARC = YES;
				CLANG_ENABLE_OBJC_WEAK = YES;
				CLANG_WARN_BLOCK_CAPTURE_AUTORELEASING = YES;
				CLANG_WARN_BOOL_CONVERSION = YES;
				CLANG_WARN_COMMA = YES;
				CLANG_WARN_CONSTANT_CONVERSION = YES;
				CLANG_WARN_DEPRECATED_OBJC_IMPLEMENTATIONS = YES;
				CLANG_WARN_DIRECT_OBJC_ISA_USAGE = YES_ERROR;
				CLANG_WARN_DOCUMENTATION_COMMENTS = YES;
				CLANG_WARN_EMPTY_BODY = YES;
				CLANG_WARN_ENUM_CONVERSION = YES;
				CLANG_WARN_INFINITE_RECURSION = YES;
				CLANG_WARN_INT_CONVERSION = YES;
				CLANG_WARN_NON_LITERAL_NULL_CONVERSION = YES;
				CLANG_WARN_OBJC_IMPLICIT_RETAIN_SELF = YES;
				CLANG_WARN_OBJC_LITERAL_CONVERSION = YES;
				CLANG_WARN_OBJC_ROOT_CLASS = YES_ERROR;
				CLANG_WARN_QUOTED_INCLUDE_IN_FRAMEWORK_HEADER = YES;
				CLANG_WARN_RANGE_LOOP_ANALYSIS = YES;
				CLANG_WARN_STRICT_PROTOTYPES = YES;
				CLANG_WARN_SUSPICIOUS_MOVE = YES;
				CLANG_WARN_UNGUARDED_AVAILABILITY = YES_AGGRESSIVE;
				CLANG_WARN_UNREACHABLE_CODE = YES;
				CLANG_WARN__DUPLICATE_METHOD_MATCH = YES;
				COPY_PHASE_STRIP = NO;
				DEBUG_INFORMATION_FORMAT = "dwarf-with-dsym";
				ENABLE_NS_ASSERTIONS = NO;
				ENABLE_STRICT_OBJC_MSGSEND = YES;
				ENABLE_USER_SCRIPT_SANDBOXING = YES;
				GCC_C_LANGUAGE_STANDARD = gnu17;
				GCC_NO_COMMON_BLOCKS = YES;
				GCC_WARN_64_TO_32_BIT_CONVERSION = YES;
				GCC_WARN_ABOUT_RETURN_TYPE = YES_ERROR;
				GCC_WARN_UNDECLARED_SELECTOR = YES;
				GCC_WARN_UNINITIALIZED_AUTOS = YES_AGGRESSIVE;
				GCC_WARN_UNUSED_FUNCTION = YES;
				GCC_WARN_UNUSED_VARIABLE = YES;
				LOCALIZATION_PREFERS_STRING_CATALOGS = YES;
				MTL_ENABLE_DEBUG_INFO = NO;
				MTL_FAST_MATH = YES;
				SWIFT_COMPILATION_MODE = wholemodule;
			};
			name = Release;
		};
		885CF44F2E6356000094B081 /* Debug */ = {
			isa = XCBuildConfiguration;
			buildSettings = {
				ASSETCATALOG_COMPILER_APPICON_NAME = AppIcon;
				ASSETCATALOG_COMPILER_GLOBAL_ACCENT_COLOR_NAME = AccentColor;
				CODE_SIGN_STYLE = Automatic;
				CURRENT_PROJECT_VERSION = 1;
				ENABLE_PREVIEWS = YES;
				GENERATE_INFOPLIST_FILE = YES;
				INFOPLIST_KEY_CFBundleDisplayName = ScoreTracker;
				INFOPLIST_KEY_UISupportedInterfaceOrientations = "UIInterfaceOrientationPortrait UIInterfaceOrientationPortraitUpsideDown";
				INFOPLIST_KEY_WKWatchOnly = YES;
				LD_RUNPATH_SEARCH_PATHS = (
					"$(inherited)",
					"@executable_path/Frameworks",
				);
				MARKETING_VERSION = 1.0;
				PRODUCT_BUNDLE_IDENTIFIER = egemen.ScoreTracker.watchkitapp;
				PRODUCT_NAME = "$(TARGET_NAME)";
				SDKROOT = watchos;
				SKIP_INSTALL = YES;
				SWIFT_EMIT_LOC_STRINGS = YES;
				SWIFT_VERSION = 5.0;
				TARGETED_DEVICE_FAMILY = 4;
				WATCHOS_DEPLOYMENT_TARGET = 11.5;
			};
			name = Debug;
		};
		885CF4502E6356000094B081 /* Release */ = {
			isa = XCBuildConfiguration;
			buildSettings = {
				ASSETCATALOG_COMPILER_APPICON_NAME = AppIcon;
				ASSETCATALOG_COMPILER_GLOBAL_ACCENT_COLOR_NAME = AccentColor;
				CODE_SIGN_STYLE = Automatic;
				CURRENT_PROJECT_VERSION = 1;
				ENABLE_PREVIEWS = YES;
				GENERATE_INFOPLIST_FILE = YES;
				INFOPLIST_KEY_CFBundleDisplayName = ScoreTracker;
				INFOPLIST_KEY_UISupportedInterfaceOrientations = "UIInterfaceOrientationPortrait UIInterfaceOrientationPortraitUpsideDown";
				INFOPLIST_KEY_WKWatchOnly = YES;
				LD_RUNPATH_SEARCH_PATHS = (
					"$(inherited)",
					"@executable_path/Frameworks",
				);
				MARKETING_VERSION = 1.0;
				PRODUCT_BUNDLE_IDENTIFIER = egemen.ScoreTracker.watchkitapp;
				PRODUCT_NAME = "$(TARGET_NAME)";
				SDKROOT = watchos;
				SKIP_INSTALL = YES;
				SWIFT_EMIT_LOC_STRINGS = YES;
				SWIFT_VERSION = 5.0;
				TARGETED_DEVICE_FAMILY = 4;
				VALIDATE_PRODUCT = YES;
				WATCHOS_DEPLOYMENT_TARGET = 11.5;
			};
			name = Release;
		};
		885CF4532E6356000094B081 /* Debug */ = {
			isa = XCBuildConfiguration;
			buildSettings = {
				CODE_SIGN_STYLE = Automatic;
				CURRENT_PROJECT_VERSION = 1;
				INFOPLIST_KEY_CFBundleDisplayName = ScoreTracker;
				MARKETING_VERSION = 1.0;
				PRODUCT_BUNDLE_IDENTIFIER = egemen.ScoreTracker;
				PRODUCT_NAME = "$(TARGET_NAME)";
				SDKROOT = iphoneos;
				SWIFT_VERSION = 5.0;
			};
			name = Debug;
		};
		885CF4542E6356000094B081 /* Release */ = {
			isa = XCBuildConfiguration;
			buildSettings = {
				CODE_SIGN_STYLE = Automatic;
				CURRENT_PROJECT_VERSION = 1;
				INFOPLIST_KEY_CFBundleDisplayName = ScoreTracker;
				MARKETING_VERSION = 1.0;
				PRODUCT_BUNDLE_IDENTIFIER = egemen.ScoreTracker;
				PRODUCT_NAME = "$(TARGET_NAME)";
				SDKROOT = iphoneos;
				SWIFT_VERSION = 5.0;
				VALIDATE_PRODUCT = YES;
			};
			name = Release;
		};
		885CF4562E6356000094B081 /* Debug */ = {
			isa = XCBuildConfiguration;
			buildSettings = {
				BUNDLE_LOADER = "$(TEST_HOST)";
				CODE_SIGN_STYLE = Automatic;
				CURRENT_PROJECT_VERSION = 1;
				GENERATE_INFOPLIST_FILE = YES;
				MARKETING_VERSION = 1.0;
				PRODUCT_BUNDLE_IDENTIFIER = "egemen.ScoreTracker-Watch-AppTests";
				PRODUCT_NAME = "$(TARGET_NAME)";
				SDKROOT = watchos;
				SWIFT_EMIT_LOC_STRINGS = NO;
				SWIFT_VERSION = 5.0;
				TARGETED_DEVICE_FAMILY = 4;
				TEST_HOST = "$(BUILT_PRODUCTS_DIR)/ScoreTracker Watch App.app/$(BUNDLE_EXECUTABLE_FOLDER_PATH)/ScoreTracker Watch App";
				WATCHOS_DEPLOYMENT_TARGET = 11.5;
			};
			name = Debug;
		};
		885CF4572E6356000094B081 /* Release */ = {
			isa = XCBuildConfiguration;
			buildSettings = {
				BUNDLE_LOADER = "$(TEST_HOST)";
				CODE_SIGN_STYLE = Automatic;
				CURRENT_PROJECT_VERSION = 1;
				GENERATE_INFOPLIST_FILE = YES;
				MARKETING_VERSION = 1.0;
				PRODUCT_BUNDLE_IDENTIFIER = "egemen.ScoreTracker-Watch-AppTests";
				PRODUCT_NAME = "$(TARGET_NAME)";
				SDKROOT = watchos;
				SWIFT_EMIT_LOC_STRINGS = NO;
				SWIFT_VERSION = 5.0;
				TARGETED_DEVICE_FAMILY = 4;
				TEST_HOST = "$(BUILT_PRODUCTS_DIR)/ScoreTracker Watch App.app/$(BUNDLE_EXECUTABLE_FOLDER_PATH)/ScoreTracker Watch App";
				VALIDATE_PRODUCT = YES;
				WATCHOS_DEPLOYMENT_TARGET = 11.5;
			};
			name = Release;
		};
		885CF4592E6356000094B081 /* Debug */ = {
			isa = XCBuildConfiguration;
			buildSettings = {
				CODE_SIGN_STYLE = Automatic;
				CURRENT_PROJECT_VERSION = 1;
				GENERATE_INFOPLIST_FILE = YES;
				MARKETING_VERSION = 1.0;
				PRODUCT_BUNDLE_IDENTIFIER = "egemen.ScoreTracker-Watch-AppUITests";
				PRODUCT_NAME = "$(TARGET_NAME)";
				SDKROOT = watchos;
				SWIFT_EMIT_LOC_STRINGS = NO;
				SWIFT_VERSION = 5.0;
				TARGETED_DEVICE_FAMILY = 4;
				TEST_TARGET_NAME = "ScoreTracker Watch App";
				WATCHOS_DEPLOYMENT_TARGET = 11.5;
			};
			name = Debug;
		};
		885CF45A2E6356000094B081 /* Release */ = {
			isa = XCBuildConfiguration;
			buildSettings = {
				CODE_SIGN_STYLE = Automatic;
				CURRENT_PROJECT_VERSION = 1;
				GENERATE_INFOPLIST_FILE = YES;
				MARKETING_VERSION = 1.0;
				PRODUCT_BUNDLE_IDENTIFIER = "egemen.ScoreTracker-Watch-AppUITests";
				PRODUCT_NAME = "$(TARGET_NAME)";
				SDKROOT = watchos;
				SWIFT_EMIT_LOC_STRINGS = NO;
				SWIFT_VERSION = 5.0;
				TARGETED_DEVICE_FAMILY = 4;
				TEST_TARGET_NAME = "ScoreTracker Watch App";
				VALIDATE_PRODUCT = YES;
				WATCHOS_DEPLOYMENT_TARGET = 11.5;
			};
			name = Release;
		};
/* End XCBuildConfiguration section */

/* Begin XCConfigurationList section */
		885CF4222E6355FF0094B081 /* Build configuration list for PBXProject "ScoreTracker" */ = {
			isa = XCConfigurationList;
			buildConfigurations = (
				885CF44C2E6356000094B081 /* Debug */,
				885CF44D2E6356000094B081 /* Release */,
			);
			defaultConfigurationIsVisible = 0;
			defaultConfigurationName = Release;
		};
		885CF44E2E6356000094B081 /* Build configuration list for PBXNativeTarget "ScoreTracker Watch App" */ = {
			isa = XCConfigurationList;
			buildConfigurations = (
				885CF44F2E6356000094B081 /* Debug */,
				885CF4502E6356000094B081 /* Release */,
			);
			defaultConfigurationIsVisible = 0;
			defaultConfigurationName = Release;
		};
		885CF4522E6356000094B081 /* Build configuration list for PBXNativeTarget "ScoreTracker" */ = {
			isa = XCConfigurationList;
			buildConfigurations = (
				885CF4532E6356000094B081 /* Debug */,
				885CF4542E6356000094B081 /* Release */,
			);
			defaultConfigurationIsVisible = 0;
			defaultConfigurationName = Release;
		};
		885CF4552E6356000094B081 /* Build configuration list for PBXNativeTarget "ScoreTracker Watch AppTests" */ = {
			isa = XCConfigurationList;
			buildConfigurations = (
				885CF4562E6356000094B081 /* Debug */,
				885CF4572E6356000094B081 /* Release */,
			);
			defaultConfigurationIsVisible = 0;
			defaultConfigurationName = Release;
		};
		885CF4582E6356000094B081 /* Build configuration list for PBXNativeTarget "ScoreTracker Watch AppUITests" */ = {
			isa = XCConfigurationList;
			buildConfigurations = (
				885CF4592E6356000094B081 /* Debug */,
				885CF45A2E6356000094B081 /* Release */,
			);
			defaultConfigurationIsVisible = 0;
			defaultConfigurationName = Release;
		};
/* End XCConfigurationList section */
	};
	rootObject = 885CF41F2E6355FF0094B081 /* Project object */;
}
